
Microsoft Visual Studio Solution File, Format Version 12.00
# Visual Studio Version 17
VisualStudioVersion = 17.0.31912.275
MinimumVisualStudioVersion = 10.0.40219.1
Project("{8BC9CEB8-8B4A-11D0-8D11-00A0C91BC942}") = "controls_test_suite", "examples\controls_test_suite.vcxproj", "{0981CA98-E4A5-4DF1-987F-A41D09131EFC}"
EndProject
Project("{8BC9CEB8-8B4A-11D0-8D11-00A0C91BC942}") = "raylib", "raylib\raylib.vcxproj", "{E89D61AC-55DE-4482-AFD4-DF7242EBC859}"
EndProject
Project("{8BC9CEB8-8B4A-11D0-8D11-00A0C91BC942}") = "custom_file_dialog", "examples\custom_file_dialog.vcxproj", "{E1CF5310-BCF6-4063-861D-EDFF65D9FE2A}"
EndProject
Project("{8BC9CEB8-8B4A-11D0-8D11-00A0C91BC942}") = "image_exporter", "examples\image_exporter.vcxproj", "{67B2B88C-EA52-403F-A596-5107008C71F2}"
EndProject
Project("{8BC9CEB8-8B4A-11D0-8D11-00A0C91BC942}") = "image_importer_raw", "examples\image_importer_raw.vcxproj", "{6628D753-270D-418D-A87F-6E2E63B9E3D0}"
EndProject
Project("{8BC9CEB8-8B4A-11D0-8D11-00A0C91BC942}") = "portable_window", "examples\portable_window.vcxproj", "{FFDA97F5-4BAF-410A-AE87-0C8E3CB8C0D8}"
EndProject
Project("{8BC9CEB8-8B4A-11D0-8D11-00A0C91BC942}") = "property_list", "examples\property_list.vcxproj", "{D28301C9-C293-4F41-9F58-F2609F33134E}"
EndProject
Project("{8BC9CEB8-8B4A-11D0-8D11-00A0C91BC942}") = "scroll_panel", "examples\scroll_panel.vcxproj", "{56EE93DF-A3AF-4856-A4EC-E27358C6DA87}"
EndProject
Project("{2150E333-8FDC-42A3-9474-1A3956D46DE8}") = "examples", "examples", "{5DC256E9-D698-4D07-8AD7-DFDAE9125DE3}"
EndProject
Project("{8BC9CEB8-8B4A-11D0-8D11-00A0C91BC942}") = "style_selector", "examples\style_selector.vcxproj", "{BCF5E746-FDBF-4CAC-9B95-44FE9A498430}"
EndProject
Project("{8BC9CEB8-8B4A-11D0-8D11-00A0C91BC942}") = "animation_curve", "examples\animation_curve.vcxproj", "{50A98C3D-C898-4830-A00B-3F78DC2E742B}"
EndProject
Global
	GlobalSection(SolutionConfigurationPlatforms) = preSolution
		Debug.DLL|x64 = Debug.DLL|x64
		Debug.DLL|x86 = Debug.DLL|x86
		Debug|x64 = Debug|x64
		Debug|x86 = Debug|x86
		Release.DLL|x64 = Release.DLL|x64
		Release.DLL|x86 = Release.DLL|x86
		Release|x64 = Release|x64
		Release|x86 = Release|x86
	EndGlobalSection
	GlobalSection(ProjectConfigurationPlatforms) = postSolution
		{0981CA98-E4A5-4DF1-987F-A41D09131EFC}.Debug.DLL|x64.ActiveCfg = Debug.DLL|x64
		{0981CA98-E4A5-4DF1-987F-A41D09131EFC}.Debug.DLL|x64.Build.0 = Debug.DLL|x64
		{0981CA98-E4A5-4DF1-987F-A41D09131EFC}.Debug.DLL|x86.ActiveCfg = Debug.DLL|Win32
		{0981CA98-E4A5-4DF1-987F-A41D09131EFC}.Debug.DLL|x86.Build.0 = Debug.DLL|Win32
		{0981CA98-E4A5-4DF1-987F-A41D09131EFC}.Debug|x64.ActiveCfg = Debug|x64
		{0981CA98-E4A5-4DF1-987F-A41D09131EFC}.Debug|x64.Build.0 = Debug|x64
		{0981CA98-E4A5-4DF1-987F-A41D09131EFC}.Debug|x86.ActiveCfg = Debug|Win32
		{0981CA98-E4A5-4DF1-987F-A41D09131EFC}.Debug|x86.Build.0 = Debug|Win32
		{0981CA98-E4A5-4DF1-987F-A41D09131EFC}.Release.DLL|x64.ActiveCfg = Release.DLL|x64
		{0981CA98-E4A5-4DF1-987F-A41D09131EFC}.Release.DLL|x64.Build.0 = Release.DLL|x64
		{0981CA98-E4A5-4DF1-987F-A41D09131EFC}.Release.DLL|x86.ActiveCfg = Release.DLL|Win32
		{0981CA98-E4A5-4DF1-987F-A41D09131EFC}.Release.DLL|x86.Build.0 = Release.DLL|Win32
		{0981CA98-E4A5-4DF1-987F-A41D09131EFC}.Release|x64.ActiveCfg = Release|x64
		{0981CA98-E4A5-4DF1-987F-A41D09131EFC}.Release|x64.Build.0 = Release|x64
		{0981CA98-E4A5-4DF1-987F-A41D09131EFC}.Release|x86.ActiveCfg = Release|Win32
		{0981CA98-E4A5-4DF1-987F-A41D09131EFC}.Release|x86.Build.0 = Release|Win32
		{E89D61AC-55DE-4482-AFD4-DF7242EBC859}.Debug.DLL|x64.ActiveCfg = Debug.DLL|x64
		{E89D61AC-55DE-4482-AFD4-DF7242EBC859}.Debug.DLL|x64.Build.0 = Debug.DLL|x64
		{E89D61AC-55DE-4482-AFD4-DF7242EBC859}.Debug.DLL|x86.ActiveCfg = Debug.DLL|Win32
		{E89D61AC-55DE-4482-AFD4-DF7242EBC859}.Debug.DLL|x86.Build.0 = Debug.DLL|Win32
		{E89D61AC-55DE-4482-AFD4-DF7242EBC859}.Debug|x64.ActiveCfg = Debug|x64
		{E89D61AC-55DE-4482-AFD4-DF7242EBC859}.Debug|x64.Build.0 = Debug|x64
		{E89D61AC-55DE-4482-AFD4-DF7242EBC859}.Debug|x86.ActiveCfg = Debug|Win32
		{E89D61AC-55DE-4482-AFD4-DF7242EBC859}.Debug|x86.Build.0 = Debug|Win32
		{E89D61AC-55DE-4482-AFD4-DF7242EBC859}.Release.DLL|x64.ActiveCfg = Release.DLL|x64
		{E89D61AC-55DE-4482-AFD4-DF7242EBC859}.Release.DLL|x64.Build.0 = Release.DLL|x64
		{E89D61AC-55DE-4482-AFD4-DF7242EBC859}.Release.DLL|x86.ActiveCfg = Release.DLL|Win32
		{E89D61AC-55DE-4482-AFD4-DF7242EBC859}.Release.DLL|x86.Build.0 = Release.DLL|Win32
		{E89D61AC-55DE-4482-AFD4-DF7242EBC859}.Release|x64.ActiveCfg = Release|x64
		{E89D61AC-55DE-4482-AFD4-DF7242EBC859}.Release|x64.Build.0 = Release|x64
		{E89D61AC-55DE-4482-AFD4-DF7242EBC859}.Release|x86.ActiveCfg = Release|Win32
		{E89D61AC-55DE-4482-AFD4-DF7242EBC859}.Release|x86.Build.0 = Release|Win32
		{E1CF5310-BCF6-4063-861D-EDFF65D9FE2A}.Debug.DLL|x64.ActiveCfg = Debug.DLL|x64
		{E1CF5310-BCF6-4063-861D-EDFF65D9FE2A}.Debug.DLL|x64.Build.0 = Debug.DLL|x64
		{E1CF5310-BCF6-4063-861D-EDFF65D9FE2A}.Debug.DLL|x86.ActiveCfg = Debug.DLL|Win32
		{E1CF5310-BCF6-4063-861D-EDFF65D9FE2A}.Debug.DLL|x86.Build.0 = Debug.DLL|Win32
		{E1CF5310-BCF6-4063-861D-EDFF65D9FE2A}.Debug|x64.ActiveCfg = Debug|x64
		{E1CF5310-BCF6-4063-861D-EDFF65D9FE2A}.Debug|x64.Build.0 = Debug|x64
		{E1CF5310-BCF6-4063-861D-EDFF65D9FE2A}.Debug|x86.ActiveCfg = Debug|Win32
		{E1CF5310-BCF6-4063-861D-EDFF65D9FE2A}.Debug|x86.Build.0 = Debug|Win32
		{E1CF5310-BCF6-4063-861D-EDFF65D9FE2A}.Release.DLL|x64.ActiveCfg = Release.DLL|x64
		{E1CF5310-BCF6-4063-861D-EDFF65D9FE2A}.Release.DLL|x64.Build.0 = Release.DLL|x64
		{E1CF5310-BCF6-4063-861D-EDFF65D9FE2A}.Release.DLL|x86.ActiveCfg = Release.DLL|Win32
		{E1CF5310-BCF6-4063-861D-EDFF65D9FE2A}.Release.DLL|x86.Build.0 = Release.DLL|Win32
		{E1CF5310-BCF6-4063-861D-EDFF65D9FE2A}.Release|x64.ActiveCfg = Release|x64
		{E1CF5310-BCF6-4063-861D-EDFF65D9FE2A}.Release|x64.Build.0 = Release|x64
		{E1CF5310-BCF6-4063-861D-EDFF65D9FE2A}.Release|x86.ActiveCfg = Release|Win32
		{E1CF5310-BCF6-4063-861D-EDFF65D9FE2A}.Release|x86.Build.0 = Release|Win32
		{67B2B88C-EA52-403F-A596-5107008C71F2}.Debug.DLL|x64.ActiveCfg = Debug.DLL|x64
		{67B2B88C-EA52-403F-A596-5107008C71F2}.Debug.DLL|x64.Build.0 = Debug.DLL|x64
		{67B2B88C-EA52-403F-A596-5107008C71F2}.Debug.DLL|x86.ActiveCfg = Debug.DLL|Win32
		{67B2B88C-EA52-403F-A596-5107008C71F2}.Debug.DLL|x86.Build.0 = Debug.DLL|Win32
		{67B2B88C-EA52-403F-A596-5107008C71F2}.Debug|x64.ActiveCfg = Debug|x64
		{67B2B88C-EA52-403F-A596-5107008C71F2}.Debug|x64.Build.0 = Debug|x64
		{67B2B88C-EA52-403F-A596-5107008C71F2}.Debug|x86.ActiveCfg = Debug|Win32
		{67B2B88C-EA52-403F-A596-5107008C71F2}.Debug|x86.Build.0 = Debug|Win32
		{67B2B88C-EA52-403F-A596-5107008C71F2}.Release.DLL|x64.ActiveCfg = Release.DLL|x64
		{67B2B88C-EA52-403F-A596-5107008C71F2}.Release.DLL|x64.Build.0 = Release.DLL|x64
		{67B2B88C-EA52-403F-A596-5107008C71F2}.Release.DLL|x86.ActiveCfg = Release.DLL|Win32
		{67B2B88C-EA52-403F-A596-5107008C71F2}.Release.DLL|x86.Build.0 = Release.DLL|Win32
		{67B2B88C-EA52-403F-A596-5107008C71F2}.Release|x64.ActiveCfg = Release|x64
		{67B2B88C-EA52-403F-A596-5107008C71F2}.Release|x64.Build.0 = Release|x64
		{67B2B88C-EA52-403F-A596-5107008C71F2}.Release|x86.ActiveCfg = Release|Win32
		{67B2B88C-EA52-403F-A596-5107008C71F2}.Release|x86.Build.0 = Release|Win32
		{6628D753-270D-418D-A87F-6E2E63B9E3D0}.Debug.DLL|x64.ActiveCfg = Debug.DLL|x64
		{6628D753-270D-418D-A87F-6E2E63B9E3D0}.Debug.DLL|x64.Build.0 = Debug.DLL|x64
		{6628D753-270D-418D-A87F-6E2E63B9E3D0}.Debug.DLL|x86.ActiveCfg = Debug.DLL|Win32
		{6628D753-270D-418D-A87F-6E2E63B9E3D0}.Debug.DLL|x86.Build.0 = Debug.DLL|Win32
		{6628D753-270D-418D-A87F-6E2E63B9E3D0}.Debug|x64.ActiveCfg = Debug|x64
		{6628D753-270D-418D-A87F-6E2E63B9E3D0}.Debug|x64.Build.0 = Debug|x64
		{6628D753-270D-418D-A87F-6E2E63B9E3D0}.Debug|x86.ActiveCfg = Debug|Win32
		{6628D753-270D-418D-A87F-6E2E63B9E3D0}.Debug|x86.Build.0 = Debug|Win32
		{6628D753-270D-418D-A87F-6E2E63B9E3D0}.Release.DLL|x64.ActiveCfg = Release.DLL|x64
		{6628D753-270D-418D-A87F-6E2E63B9E3D0}.Release.DLL|x64.Build.0 = Release.DLL|x64
		{6628D753-270D-418D-A87F-6E2E63B9E3D0}.Release.DLL|x86.ActiveCfg = Release.DLL|Win32
		{6628D753-270D-418D-A87F-6E2E63B9E3D0}.Release.DLL|x86.Build.0 = Release.DLL|Win32
		{6628D753-270D-418D-A87F-6E2E63B9E3D0}.Release|x64.ActiveCfg = Release|x64
		{6628D753-270D-418D-A87F-6E2E63B9E3D0}.Release|x64.Build.0 = Release|x64
		{6628D753-270D-418D-A87F-6E2E63B9E3D0}.Release|x86.ActiveCfg = Release|Win32
		{6628D753-270D-418D-A87F-6E2E63B9E3D0}.Release|x86.Build.0 = Release|Win32
		{FFDA97F5-4BAF-410A-AE87-0C8E3CB8C0D8}.Debug.DLL|x64.ActiveCfg = Debug.DLL|x64
		{FFDA97F5-4BAF-410A-AE87-0C8E3CB8C0D8}.Debug.DLL|x64.Build.0 = Debug.DLL|x64
		{FFDA97F5-4BAF-410A-AE87-0C8E3CB8C0D8}.Debug.DLL|x86.ActiveCfg = Debug.DLL|Win32
		{FFDA97F5-4BAF-410A-AE87-0C8E3CB8C0D8}.Debug.DLL|x86.Build.0 = Debug.DLL|Win32
		{FFDA97F5-4BAF-410A-AE87-0C8E3CB8C0D8}.Debug|x64.ActiveCfg = Debug|x64
		{FFDA97F5-4BAF-410A-AE87-0C8E3CB8C0D8}.Debug|x64.Build.0 = Debug|x64
		{FFDA97F5-4BAF-410A-AE87-0C8E3CB8C0D8}.Debug|x86.ActiveCfg = Debug|Win32
		{FFDA97F5-4BAF-410A-AE87-0C8E3CB8C0D8}.Debug|x86.Build.0 = Debug|Win32
		{FFDA97F5-4BAF-410A-AE87-0C8E3CB8C0D8}.Release.DLL|x64.ActiveCfg = Release.DLL|x64
		{FFDA97F5-4BAF-410A-AE87-0C8E3CB8C0D8}.Release.DLL|x64.Build.0 = Release.DLL|x64
		{FFDA97F5-4BAF-410A-AE87-0C8E3CB8C0D8}.Release.DLL|x86.ActiveCfg = Release.DLL|Win32
		{FFDA97F5-4BAF-410A-AE87-0C8E3CB8C0D8}.Release.DLL|x86.Build.0 = Release.DLL|Win32
		{FFDA97F5-4BAF-410A-AE87-0C8E3CB8C0D8}.Release|x64.ActiveCfg = Release|x64
		{FFDA97F5-4BAF-410A-AE87-0C8E3CB8C0D8}.Release|x64.Build.0 = Release|x64
		{FFDA97F5-4BAF-410A-AE87-0C8E3CB8C0D8}.Release|x86.ActiveCfg = Release|Win32
		{FFDA97F5-4BAF-410A-AE87-0C8E3CB8C0D8}.Release|x86.Build.0 = Release|Win32
		{D28301C9-C293-4F41-9F58-F2609F33134E}.Debug.DLL|x64.ActiveCfg = Debug.DLL|x64
		{D28301C9-C293-4F41-9F58-F2609F33134E}.Debug.DLL|x64.Build.0 = Debug.DLL|x64
		{D28301C9-C293-4F41-9F58-F2609F33134E}.Debug.DLL|x86.ActiveCfg = Debug.DLL|Win32
		{D28301C9-C293-4F41-9F58-F2609F33134E}.Debug.DLL|x86.Build.0 = Debug.DLL|Win32
		{D28301C9-C293-4F41-9F58-F2609F33134E}.Debug|x64.ActiveCfg = Debug|x64
		{D28301C9-C293-4F41-9F58-F2609F33134E}.Debug|x64.Build.0 = Debug|x64
		{D28301C9-C293-4F41-9F58-F2609F33134E}.Debug|x86.ActiveCfg = Debug|Win32
		{D28301C9-C293-4F41-9F58-F2609F33134E}.Debug|x86.Build.0 = Debug|Win32
		{D28301C9-C293-4F41-9F58-F2609F33134E}.Release.DLL|x64.ActiveCfg = Release.DLL|x64
		{D28301C9-C293-4F41-9F58-F2609F33134E}.Release.DLL|x64.Build.0 = Release.DLL|x64
		{D28301C9-C293-4F41-9F58-F2609F33134E}.Release.DLL|x86.ActiveCfg = Release.DLL|Win32
		{D28301C9-C293-4F41-9F58-F2609F33134E}.Release.DLL|x86.Build.0 = Release.DLL|Win32
		{D28301C9-C293-4F41-9F58-F2609F33134E}.Release|x64.ActiveCfg = Release|x64
		{D28301C9-C293-4F41-9F58-F2609F33134E}.Release|x64.Build.0 = Release|x64
		{D28301C9-C293-4F41-9F58-F2609F33134E}.Release|x86.ActiveCfg = Release|Win32
		{D28301C9-C293-4F41-9F58-F2609F33134E}.Release|x86.Build.0 = Release|Win32
		{56EE93DF-A3AF-4856-A4EC-E27358C6DA87}.Debug.DLL|x64.ActiveCfg = Debug.DLL|x64
		{56EE93DF-A3AF-4856-A4EC-E27358C6DA87}.Debug.DLL|x64.Build.0 = Debug.DLL|x64
		{56EE93DF-A3AF-4856-A4EC-E27358C6DA87}.Debug.DLL|x86.ActiveCfg = Debug.DLL|Win32
		{56EE93DF-A3AF-4856-A4EC-E27358C6DA87}.Debug.DLL|x86.Build.0 = Debug.DLL|Win32
		{56EE93DF-A3AF-4856-A4EC-E27358C6DA87}.Debug|x64.ActiveCfg = Debug|x64
		{56EE93DF-A3AF-4856-A4EC-E27358C6DA87}.Debug|x64.Build.0 = Debug|x64
		{56EE93DF-A3AF-4856-A4EC-E27358C6DA87}.Debug|x86.ActiveCfg = Debug|Win32
		{56EE93DF-A3AF-4856-A4EC-E27358C6DA87}.Debug|x86.Build.0 = Debug|Win32
		{56EE93DF-A3AF-4856-A4EC-E27358C6DA87}.Release.DLL|x64.ActiveCfg = Release.DLL|x64
		{56EE93DF-A3AF-4856-A4EC-E27358C6DA87}.Release.DLL|x64.Build.0 = Release.DLL|x64
		{56EE93DF-A3AF-4856-A4EC-E27358C6DA87}.Release.DLL|x86.ActiveCfg = Release.DLL|Win32
		{56EE93DF-A3AF-4856-A4EC-E27358C6DA87}.Release.DLL|x86.Build.0 = Release.DLL|Win32
		{56EE93DF-A3AF-4856-A4EC-E27358C6DA87}.Release|x64.ActiveCfg = Release|x64
		{56EE93DF-A3AF-4856-A4EC-E27358C6DA87}.Release|x64.Build.0 = Release|x64
		{56EE93DF-A3AF-4856-A4EC-E27358C6DA87}.Release|x86.ActiveCfg = Release|Win32
		{56EE93DF-A3AF-4856-A4EC-E27358C6DA87}.Release|x86.Build.0 = Release|Win32
		{BCF5E746-FDBF-4CAC-9B95-44FE9A498430}.Debug.DLL|x64.ActiveCfg = Debug.DLL|x64
		{BCF5E746-FDBF-4CAC-9B95-44FE9A498430}.Debug.DLL|x64.Build.0 = Debug.DLL|x64
		{BCF5E746-FDBF-4CAC-9B95-44FE9A498430}.Debug.DLL|x86.ActiveCfg = Debug.DLL|Win32
		{BCF5E746-FDBF-4CAC-9B95-44FE9A498430}.Debug.DLL|x86.Build.0 = Debug.DLL|Win32
		{BCF5E746-FDBF-4CAC-9B95-44FE9A498430}.Debug|x64.ActiveCfg = Debug|x64
		{BCF5E746-FDBF-4CAC-9B95-44FE9A498430}.Debug|x64.Build.0 = Debug|x64
		{BCF5E746-FDBF-4CAC-9B95-44FE9A498430}.Debug|x86.ActiveCfg = Debug|Win32
		{BCF5E746-FDBF-4CAC-9B95-44FE9A498430}.Debug|x86.Build.0 = Debug|Win32
		{BCF5E746-FDBF-4CAC-9B95-44FE9A498430}.Release.DLL|x64.ActiveCfg = Release.DLL|x64
		{BCF5E746-FDBF-4CAC-9B95-44FE9A498430}.Release.DLL|x64.Build.0 = Release.DLL|x64
		{BCF5E746-FDBF-4CAC-9B95-44FE9A498430}.Release.DLL|x86.ActiveCfg = Release.DLL|Win32
		{BCF5E746-FDBF-4CAC-9B95-44FE9A498430}.Release.DLL|x86.Build.0 = Release.DLL|Win32
		{BCF5E746-FDBF-4CAC-9B95-44FE9A498430}.Release|x64.ActiveCfg = Release|x64
		{BCF5E746-FDBF-4CAC-9B95-44FE9A498430}.Release|x64.Build.0 = Release|x64
		{BCF5E746-FDBF-4CAC-9B95-44FE9A498430}.Release|x86.ActiveCfg = Release|Win32
		{BCF5E746-FDBF-4CAC-9B95-44FE9A498430}.Release|x86.Build.0 = Release|Win32
		{50A98C3D-C898-4830-A00B-3F78DC2E742B}.Debug.DLL|x64.ActiveCfg = Debug.DLL|x64
		{50A98C3D-C898-4830-A00B-3F78DC2E742B}.Debug.DLL|x64.Build.0 = Debug.DLL|x64
		{50A98C3D-C898-4830-A00B-3F78DC2E742B}.Debug.DLL|x86.ActiveCfg = Debug.DLL|Win32
		{50A98C3D-C898-4830-A00B-3F78DC2E742B}.Debug.DLL|x86.Build.0 = Debug.DLL|Win32
		{50A98C3D-C898-4830-A00B-3F78DC2E742B}.Debug|x64.ActiveCfg = Debug|x64
		{50A98C3D-C898-4830-A00B-3F78DC2E742B}.Debug|x64.Build.0 = Debug|x64
		{50A98C3D-C898-4830-A00B-3F78DC2E742B}.Debug|x86.ActiveCfg = Debug|Win32
		{50A98C3D-C898-4830-A00B-3F78DC2E742B}.Debug|x86.Build.0 = Debug|Win32
		{50A98C3D-C898-4830-A00B-3F78DC2E742B}.Release.DLL|x64.ActiveCfg = Release.DLL|x64
		{50A98C3D-C898-4830-A00B-3F78DC2E742B}.Release.DLL|x64.Build.0 = Release.DLL|x64
		{50A98C3D-C898-4830-A00B-3F78DC2E742B}.Release.DLL|x86.ActiveCfg = Release.DLL|Win32
		{50A98C3D-C898-4830-A00B-3F78DC2E742B}.Release.DLL|x86.Build.0 = Release.DLL|Win32
		{50A98C3D-C898-4830-A00B-3F78DC2E742B}.Release|x64.ActiveCfg = Release|x64
		{50A98C3D-C898-4830-A00B-3F78DC2E742B}.Release|x64.Build.0 = Release|x64
		{50A98C3D-C898-4830-A00B-3F78DC2E742B}.Release|x86.ActiveCfg = Release|Win32
		{50A98C3D-C898-4830-A00B-3F78DC2E742B}.Release|x86.Build.0 = Release|Win32
	EndGlobalSection
	GlobalSection(SolutionProperties) = preSolution
		HideSolutionNode = FALSE
	EndGlobalSection
	GlobalSection(NestedProjects) = preSolution
		{0981CA98-E4A5-4DF1-987F-A41D09131EFC} = {5DC256E9-D698-4D07-8AD7-DFDAE9125DE3}
		{E1CF5310-BCF6-4063-861D-EDFF65D9FE2A} = {5DC256E9-D698-4D07-8AD7-DFDAE9125DE3}
		{67B2B88C-EA52-403F-A596-5107008C71F2} = {5DC256E9-D698-4D07-8AD7-DFDAE9125DE3}
		{6628D753-270D-418D-A87F-6E2E63B9E3D0} = {5DC256E9-D698-4D07-8AD7-DFDAE9125DE3}
		{FFDA97F5-4BAF-410A-AE87-0C8E3CB8C0D8} = {5DC256E9-D698-4D07-8AD7-DFDAE9125DE3}
		{D28301C9-C293-4F41-9F58-F2609F33134E} = {5DC256E9-D698-4D07-8AD7-DFDAE9125DE3}
		{56EE93DF-A3AF-4856-A4EC-E27358C6DA87} = {5DC256E9-D698-4D07-8AD7-DFDAE9125DE3}
		{BCF5E746-FDBF-4CAC-9B95-44FE9A498430} = {5DC256E9-D698-4D07-8AD7-DFDAE9125DE3}
		{50A98C3D-C898-4830-A00B-3F78DC2E742B} = {5DC256E9-D698-4D07-8AD7-DFDAE9125DE3}
	EndGlobalSection
	GlobalSection(ExtensibilityGlobals) = postSolution
		SolutionGuid = {E926C768-6307-4423-A1EC-57E95B1FAB29}
	EndGlobalSection
EndGlobal
